// !$*UTF8*$!
{
	archiveVersion = 1;
	classes = {
	};
	objectVersion = 50;
	objects = {

/* Begin PBXBuildFile section */
		110861B922453479002ED5A9 /* SHB_MineInfoVC.m in Sources */ = {isa = PBXBuildFile; fileRef = 110861B822453479002ED5A9 /* SHB_MineInfoVC.m */; };
		110861BE2245366F002ED5A9 /* SHB_MineInfoSection1Cell.m in Sources */ = {isa = PBXBuildFile; fileRef = 110861BC2245366F002ED5A9 /* SHB_MineInfoSection1Cell.m */; };
		110861BF2245366F002ED5A9 /* SHB_MineInfoSection1Cell.xib in Resources */ = {isa = PBXBuildFile; fileRef = 110861BD2245366F002ED5A9 /* SHB_MineInfoSection1Cell.xib */; };
		110861C322453682002ED5A9 /* SHB_MineInfoSection2Cell.m in Sources */ = {isa = PBXBuildFile; fileRef = 110861C122453682002ED5A9 /* SHB_MineInfoSection2Cell.m */; };
		110861C422453682002ED5A9 /* SHB_MineInfoSection2Cell.xib in Resources */ = {isa = PBXBuildFile; fileRef = 110861C222453682002ED5A9 /* SHB_MineInfoSection2Cell.xib */; };
		110861C822453693002ED5A9 /* SHB_MineInfoSection0Cell.m in Sources */ = {isa = PBXBuildFile; fileRef = 110861C622453693002ED5A9 /* SHB_MineInfoSection0Cell.m */; };
		110861C922453693002ED5A9 /* SHB_MineInfoSection0Cell.xib in Resources */ = {isa = PBXBuildFile; fileRef = 110861C722453693002ED5A9 /* SHB_MineInfoSection0Cell.xib */; };
		111979A22249D63E006B1F0A /* UIImage+Compress.m in Sources */ = {isa = PBXBuildFile; fileRef = 111979A12249D63E006B1F0A /* UIImage+Compress.m */; };
		11270A06223E908B001E4A64 /* UIColor+Addition.m in Sources */ = {isa = PBXBuildFile; fileRef = 11270A05223E908B001E4A64 /* UIColor+Addition.m */; };
		11270A09223E90B1001E4A64 /* FileManageCommon.m in Sources */ = {isa = PBXBuildFile; fileRef = 11270A08223E90B1001E4A64 /* FileManageCommon.m */; };
		11270A0C223E90CB001E4A64 /* DONG_AlertShowTool.m in Sources */ = {isa = PBXBuildFile; fileRef = 11270A0B223E90CB001E4A64 /* DONG_AlertShowTool.m */; };
		11270A0F223E910A001E4A64 /* UIWindow+Addition.m in Sources */ = {isa = PBXBuildFile; fileRef = 11270A0E223E910A001E4A64 /* UIWindow+Addition.m */; };
		11270A16223E91F1001E4A64 /* SHB_UserInfoManager.m in Sources */ = {isa = PBXBuildFile; fileRef = 11270A15223E91F1001E4A64 /* SHB_UserInfoManager.m */; };
		11270A1B223E979C001E4A64 /* SHB_CoreToolCenter.m in Sources */ = {isa = PBXBuildFile; fileRef = 11270A1A223E979C001E4A64 /* SHB_CoreToolCenter.m */; };
		11270A1E223E983F001E4A64 /* UIImage+GIFImage.m in Sources */ = {isa = PBXBuildFile; fileRef = 11270A1D223E983F001E4A64 /* UIImage+GIFImage.m */; };
		11270A2B223E9861001E4A64 /* NSDictionary+Addition.m in Sources */ = {isa = PBXBuildFile; fileRef = 11270A1F223E9860001E4A64 /* NSDictionary+Addition.m */; };
		11270A2C223E9861001E4A64 /* NSDictionary+Log.m in Sources */ = {isa = PBXBuildFile; fileRef = 11270A20223E9860001E4A64 /* NSDictionary+Log.m */; };
		11270A2E223E9861001E4A64 /* NSString+Dong.m in Sources */ = {isa = PBXBuildFile; fileRef = 11270A23223E9860001E4A64 /* NSString+Dong.m */; };
		11270A2F223E9861001E4A64 /* NSArray+Log.m in Sources */ = {isa = PBXBuildFile; fileRef = 11270A25223E9861001E4A64 /* NSArray+Log.m */; };
		11270A30223E9861001E4A64 /* NSData+Addition.m in Sources */ = {isa = PBXBuildFile; fileRef = 11270A27223E9861001E4A64 /* NSData+Addition.m */; };
		11270A38223E98DD001E4A64 /* GTMBase64.m in Sources */ = {isa = PBXBuildFile; fileRef = 11270A34223E98DD001E4A64 /* GTMBase64.m */; };
		11270A39223E98DD001E4A64 /* DesEncrypt.m in Sources */ = {isa = PBXBuildFile; fileRef = 11270A35223E98DD001E4A64 /* DesEncrypt.m */; };
		11270A43223E9DE5001E4A64 /* SHB_BaseNavigationController.m in Sources */ = {isa = PBXBuildFile; fileRef = 11270A42223E9DE5001E4A64 /* SHB_BaseNavigationController.m */; };
		1130755022467FDA005DEA3E /* SHB_AboutVC.m in Sources */ = {isa = PBXBuildFile; fileRef = 1130754F22467FDA005DEA3E /* SHB_AboutVC.m */; };
		1142BFAF2243DDC000AAFEC6 /* SHB_MineOtherCell.m in Sources */ = {isa = PBXBuildFile; fileRef = 1142BFAD2243DDC000AAFEC6 /* SHB_MineOtherCell.m */; };
		1142BFB02243DDC000AAFEC6 /* SHB_MineOtherCell.xib in Resources */ = {isa = PBXBuildFile; fileRef = 1142BFAE2243DDC000AAFEC6 /* SHB_MineOtherCell.xib */; };
		1142BFB42243DDD300AAFEC6 /* SHB_MineInfoCell.m in Sources */ = {isa = PBXBuildFile; fileRef = 1142BFB22243DDD300AAFEC6 /* SHB_MineInfoCell.m */; };
		1142BFB52243DDD300AAFEC6 /* SHB_MineInfoCell.xib in Resources */ = {isa = PBXBuildFile; fileRef = 1142BFB32243DDD300AAFEC6 /* SHB_MineInfoCell.xib */; };
		115EE76D223FA3BE000FC84A /* DONG_DataBaseManager.m in Sources */ = {isa = PBXBuildFile; fileRef = 115EE76C223FA3BE000FC84A /* DONG_DataBaseManager.m */; };
		115EE771223FA404000FC84A /* SHB_GoodsModel.m in Sources */ = {isa = PBXBuildFile; fileRef = 115EE770223FA404000FC84A /* SHB_GoodsModel.m */; };
		115EE774223FA4CE000FC84A /* SHB_UserModel.m in Sources */ = {isa = PBXBuildFile; fileRef = 115EE773223FA4CE000FC84A /* SHB_UserModel.m */; };
		118282B2223FD5A1007B974B /* SHB_LonginVC.m in Sources */ = {isa = PBXBuildFile; fileRef = 118282B1223FD5A1007B974B /* SHB_LonginVC.m */; };
		118282B8223FE83F007B974B /* SHB_RegisterVC.m in Sources */ = {isa = PBXBuildFile; fileRef = 118282B7223FE83F007B974B /* SHB_RegisterVC.m */; };
		118282C0223FF81D007B974B /* SHB_MyGoodsVC.m in Sources */ = {isa = PBXBuildFile; fileRef = 118282BF223FF81D007B974B /* SHB_MyGoodsVC.m */; };
		118282C3223FF835007B974B /* SHB_MineVC.m in Sources */ = {isa = PBXBuildFile; fileRef = 118282C2223FF835007B974B /* SHB_MineVC.m */; };
		118282C6223FF866007B974B /* SHB_HomePageVC.m in Sources */ = {isa = PBXBuildFile; fileRef = 118282C5223FF866007B974B /* SHB_HomePageVC.m */; };
		118282CC223FF8BB007B974B /* SHB_TabbarConfig.m in Sources */ = {isa = PBXBuildFile; fileRef = 118282CB223FF8BB007B974B /* SHB_TabbarConfig.m */; };
		11AC428A22492C1A00A840BB /* UIImage+IMB.m in Sources */ = {isa = PBXBuildFile; fileRef = 11AC428822492C1900A840BB /* UIImage+IMB.m */; };
		11D7300422413C97002475A7 /* SHB_HomePageCell.m in Sources */ = {isa = PBXBuildFile; fileRef = 11D7300222413C97002475A7 /* SHB_HomePageCell.m */; };
		11D7300522413C97002475A7 /* SHB_HomePageCell.xib in Resources */ = {isa = PBXBuildFile; fileRef = 11D7300322413C97002475A7 /* SHB_HomePageCell.xib */; };
		11D7300C2241439B002475A7 /* SHB_BookDetailInfoVC.m in Sources */ = {isa = PBXBuildFile; fileRef = 11D7300B2241439B002475A7 /* SHB_BookDetailInfoVC.m */; };
		11D730112241459E002475A7 /* SHB_MyGoodsCell.m in Sources */ = {isa = PBXBuildFile; fileRef = 11D7300F2241459E002475A7 /* SHB_MyGoodsCell.m */; };
		11D730122241459E002475A7 /* SHB_MyGoodsCell.xib in Resources */ = {isa = PBXBuildFile; fileRef = 11D730102241459E002475A7 /* SHB_MyGoodsCell.xib */; };
		11D7B6522240B83800B1AA19 /* NSDate+Addition.m in Sources */ = {isa = PBXBuildFile; fileRef = 11D7B6502240B83800B1AA19 /* NSDate+Addition.m */; };
		11DB957A223E893E000CB7AE /* AppDelegate.m in Sources */ = {isa = PBXBuildFile; fileRef = 11DB9579223E893E000CB7AE /* AppDelegate.m */; };
		11DB9580223E893E000CB7AE /* Main.storyboard in Resources */ = {isa = PBXBuildFile; fileRef = 11DB957E223E893E000CB7AE /* Main.storyboard */; };
		11DB9582223E893F000CB7AE /* Assets.xcassets in Resources */ = {isa = PBXBuildFile; fileRef = 11DB9581223E893F000CB7AE /* Assets.xcassets */; };
		11DB9588223E893F000CB7AE /* main.m in Sources */ = {isa = PBXBuildFile; fileRef = 11DB9587223E893F000CB7AE /* main.m */; };
		11E4DA25224093F100B21FA9 /* SHB_DiscoveryVC.m in Sources */ = {isa = PBXBuildFile; fileRef = 11E4DA24224093F000B21FA9 /* SHB_DiscoveryVC.m */; };
		11E4DA2B2240945200B21FA9 /* UIViewController+Addition.m in Sources */ = {isa = PBXBuildFile; fileRef = 11E4DA292240945200B21FA9 /* UIViewController+Addition.m */; };
		3A09A01942BB4F991059D466 /* Pods_Second_hand_books.framework in Frameworks */ = {isa = PBXBuildFile; fileRef = 89F81D6991A0127141F27430 /* Pods_Second_hand_books.framework */; };
/* End PBXBuildFile section */

/* Begin PBXFileReference section */
		110861B722453479002ED5A9 /* SHB_MineInfoVC.h */ = {isa = PBXFileReference; lastKnownFileType = sourcecode.c.h; path = SHB_MineInfoVC.h; sourceTree = "<group>"; };
		110861B822453479002ED5A9 /* SHB_MineInfoVC.m */ = {isa = PBXFileReference; lastKnownFileType = sourcecode.c.objc; path = SHB_MineInfoVC.m; sourceTree = "<group>"; };
		110861BB2245366F002ED5A9 /* SHB_MineInfoSection1Cell.h */ = {isa = PBXFileReference; lastKnownFileType = sourcecode.c.h; path = SHB_MineInfoSection1Cell.h; sourceTree = "<group>"; };
		110861BC2245366F002ED5A9 /* SHB_MineInfoSection1Cell.m */ = {isa = PBXFileReference; lastKnownFileType = sourcecode.c.objc; path = SHB_MineInfoSection1Cell.m; sourceTree = "<group>"; };
		110861BD2245366F002ED5A9 /* SHB_MineInfoSection1Cell.xib */ = {isa = PBXFileReference; lastKnownFileType = file.xib; path = SHB_MineInfoSection1Cell.xib; sourceTree = "<group>"; };
		110861C022453682002ED5A9 /* SHB_MineInfoSection2Cell.h */ = {isa = PBXFileReference; lastKnownFileType = sourcecode.c.h; path = SHB_MineInfoSection2Cell.h; sourceTree = "<group>"; };
		110861C122453682002ED5A9 /* SHB_MineInfoSection2Cell.m */ = {isa = PBXFileReference; lastKnownFileType = sourcecode.c.objc; path = SHB_MineInfoSection2Cell.m; sourceTree = "<group>"; };
		110861C222453682002ED5A9 /* SHB_MineInfoSection2Cell.xib */ = {isa = PBXFileReference; lastKnownFileType = file.xib; path = SHB_MineInfoSection2Cell.xib; sourceTree = "<group>"; };
		110861C522453693002ED5A9 /* SHB_MineInfoSection0Cell.h */ = {isa = PBXFileReference; lastKnownFileType = sourcecode.c.h; path = SHB_MineInfoSection0Cell.h; sourceTree = "<group>"; };
		110861C622453693002ED5A9 /* SHB_MineInfoSection0Cell.m */ = {isa = PBXFileReference; lastKnownFileType = sourcecode.c.objc; path = SHB_MineInfoSection0Cell.m; sourceTree = "<group>"; };
		110861C722453693002ED5A9 /* SHB_MineInfoSection0Cell.xib */ = {isa = PBXFileReference; lastKnownFileType = file.xib; path = SHB_MineInfoSection0Cell.xib; sourceTree = "<group>"; };
		111979A02249D63E006B1F0A /* UIImage+Compress.h */ = {isa = PBXFileReference; lastKnownFileType = sourcecode.c.h; path = "UIImage+Compress.h"; sourceTree = "<group>"; };
		111979A12249D63E006B1F0A /* UIImage+Compress.m */ = {isa = PBXFileReference; lastKnownFileType = sourcecode.c.objc; path = "UIImage+Compress.m"; sourceTree = "<group>"; };
		11270A02223E8EA6001E4A64 /* PrefixHeader.pch */ = {isa = PBXFileReference; lastKnownFileType = sourcecode.c.h; path = PrefixHeader.pch; sourceTree = "<group>"; };
		11270A03223E8EF9001E4A64 /* SHB_Marco.h */ = {isa = PBXFileReference; lastKnownFileType = sourcecode.c.h; path = SHB_Marco.h; sourceTree = "<group>"; };
		11270A04223E908B001E4A64 /* UIColor+Addition.h */ = {isa = PBXFileReference; fileEncoding = 4; lastKnownFileType = sourcecode.c.h; path = "UIColor+Addition.h"; sourceTree = "<group>"; };
		11270A05223E908B001E4A64 /* UIColor+Addition.m */ = {isa = PBXFileReference; fileEncoding = 4; lastKnownFileType = sourcecode.c.objc; path = "UIColor+Addition.m"; sourceTree = "<group>"; };
		11270A07223E90B1001E4A64 /* FileManageCommon.h */ = {isa = PBXFileReference; fileEncoding = 4; lastKnownFileType = sourcecode.c.h; path = FileManageCommon.h; sourceTree = "<group>"; };
		11270A08223E90B1001E4A64 /* FileManageCommon.m */ = {isa = PBXFileReference; fileEncoding = 4; lastKnownFileType = sourcecode.c.objc; path = FileManageCommon.m; sourceTree = "<group>"; };
		11270A0A223E90CB001E4A64 /* DONG_AlertShowTool.h */ = {isa = PBXFileReference; fileEncoding = 4; lastKnownFileType = sourcecode.c.h; path = DONG_AlertShowTool.h; sourceTree = "<group>"; };
		11270A0B223E90CB001E4A64 /* DONG_AlertShowTool.m */ = {isa = PBXFileReference; fileEncoding = 4; lastKnownFileType = sourcecode.c.objc; path = DONG_AlertShowTool.m; sourceTree = "<group>"; };
		11270A0D223E910A001E4A64 /* UIWindow+Addition.h */ = {isa = PBXFileReference; fileEncoding = 4; lastKnownFileType = sourcecode.c.h; path = "UIWindow+Addition.h"; sourceTree = "<group>"; };
		11270A0E223E910A001E4A64 /* UIWindow+Addition.m */ = {isa = PBXFileReference; fileEncoding = 4; lastKnownFileType = sourcecode.c.objc; path = "UIWindow+Addition.m"; sourceTree = "<group>"; };
		11270A14223E91F1001E4A64 /* SHB_UserInfoManager.h */ = {isa = PBXFileReference; lastKnownFileType = sourcecode.c.h; path = SHB_UserInfoManager.h; sourceTree = "<group>"; };
		11270A15223E91F1001E4A64 /* SHB_UserInfoManager.m */ = {isa = PBXFileReference; lastKnownFileType = sourcecode.c.objc; path = SHB_UserInfoManager.m; sourceTree = "<group>"; };
		11270A19223E979C001E4A64 /* SHB_CoreToolCenter.h */ = {isa = PBXFileReference; lastKnownFileType = sourcecode.c.h; path = SHB_CoreToolCenter.h; sourceTree = "<group>"; };
		11270A1A223E979C001E4A64 /* SHB_CoreToolCenter.m */ = {isa = PBXFileReference; lastKnownFileType = sourcecode.c.objc; path = SHB_CoreToolCenter.m; sourceTree = "<group>"; };
		11270A1C223E983F001E4A64 /* UIImage+GIFImage.h */ = {isa = PBXFileReference; fileEncoding = 4; lastKnownFileType = sourcecode.c.h; path = "UIImage+GIFImage.h"; sourceTree = "<group>"; };
		11270A1D223E983F001E4A64 /* UIImage+GIFImage.m */ = {isa = PBXFileReference; fileEncoding = 4; lastKnownFileType = sourcecode.c.objc; path = "UIImage+GIFImage.m"; sourceTree = "<group>"; };
		11270A1F223E9860001E4A64 /* NSDictionary+Addition.m */ = {isa = PBXFileReference; fileEncoding = 4; lastKnownFileType = sourcecode.c.objc; path = "NSDictionary+Addition.m"; sourceTree = "<group>"; };
		11270A20223E9860001E4A64 /* NSDictionary+Log.m */ = {isa = PBXFileReference; fileEncoding = 4; lastKnownFileType = sourcecode.c.objc; path = "NSDictionary+Log.m"; sourceTree = "<group>"; };
		11270A22223E9860001E4A64 /* NSString+Dong.h */ = {isa = PBXFileReference; fileEncoding = 4; lastKnownFileType = sourcecode.c.h; path = "NSString+Dong.h"; sourceTree = "<group>"; };
		11270A23223E9860001E4A64 /* NSString+Dong.m */ = {isa = PBXFileReference; fileEncoding = 4; lastKnownFileType = sourcecode.c.objc; path = "NSString+Dong.m"; sourceTree = "<group>"; };
		11270A24223E9860001E4A64 /* NSData+Addition.h */ = {isa = PBXFileReference; fileEncoding = 4; lastKnownFileType = sourcecode.c.h; path = "NSData+Addition.h"; sourceTree = "<group>"; };
		11270A25223E9861001E4A64 /* NSArray+Log.m */ = {isa = PBXFileReference; fileEncoding = 4; lastKnownFileType = sourcecode.c.objc; path = "NSArray+Log.m"; sourceTree = "<group>"; };
		11270A26223E9861001E4A64 /* NSDictionary+Addition.h */ = {isa = PBXFileReference; fileEncoding = 4; lastKnownFileType = sourcecode.c.h; path = "NSDictionary+Addition.h"; sourceTree = "<group>"; };
		11270A27223E9861001E4A64 /* NSData+Addition.m */ = {isa = PBXFileReference; fileEncoding = 4; lastKnownFileType = sourcecode.c.objc; path = "NSData+Addition.m"; sourceTree = "<group>"; };
		11270A28223E9861001E4A64 /* NSDictionary+Log.h */ = {isa = PBXFileReference; fileEncoding = 4; lastKnownFileType = sourcecode.c.h; path = "NSDictionary+Log.h"; sourceTree = "<group>"; };
		11270A29223E9861001E4A64 /* NSArray+Log.h */ = {isa = PBXFileReference; fileEncoding = 4; lastKnownFileType = sourcecode.c.h; path = "NSArray+Log.h"; sourceTree = "<group>"; };
		11270A33223E98DD001E4A64 /* GTMBase64.h */ = {isa = PBXFileReference; fileEncoding = 4; lastKnownFileType = sourcecode.c.h; path = GTMBase64.h; sourceTree = "<group>"; };
		11270A34223E98DD001E4A64 /* GTMBase64.m */ = {isa = PBXFileReference; fileEncoding = 4; lastKnownFileType = sourcecode.c.objc; path = GTMBase64.m; sourceTree = "<group>"; };
		11270A35223E98DD001E4A64 /* DesEncrypt.m */ = {isa = PBXFileReference; fileEncoding = 4; lastKnownFileType = sourcecode.c.objc; path = DesEncrypt.m; sourceTree = "<group>"; };
		11270A36223E98DD001E4A64 /* DesEncrypt.h */ = {isa = PBXFileReference; fileEncoding = 4; lastKnownFileType = sourcecode.c.h; path = DesEncrypt.h; sourceTree = "<group>"; };
		11270A37223E98DD001E4A64 /* GTMDefines.h */ = {isa = PBXFileReference; fileEncoding = 4; lastKnownFileType = sourcecode.c.h; path = GTMDefines.h; sourceTree = "<group>"; };
		11270A41223E9DE5001E4A64 /* SHB_BaseNavigationController.h */ = {isa = PBXFileReference; lastKnownFileType = sourcecode.c.h; path = SHB_BaseNavigationController.h; sourceTree = "<group>"; };
		11270A42223E9DE5001E4A64 /* SHB_BaseNavigationController.m */ = {isa = PBXFileReference; lastKnownFileType = sourcecode.c.objc; path = SHB_BaseNavigationController.m; sourceTree = "<group>"; };
		1130754E22467FDA005DEA3E /* SHB_AboutVC.h */ = {isa = PBXFileReference; lastKnownFileType = sourcecode.c.h; path = SHB_AboutVC.h; sourceTree = "<group>"; };
		1130754F22467FDA005DEA3E /* SHB_AboutVC.m */ = {isa = PBXFileReference; lastKnownFileType = sourcecode.c.objc; path = SHB_AboutVC.m; sourceTree = "<group>"; };
		1142BFAC2243DDC000AAFEC6 /* SHB_MineOtherCell.h */ = {isa = PBXFileReference; lastKnownFileType = sourcecode.c.h; path = SHB_MineOtherCell.h; sourceTree = "<group>"; };
		1142BFAD2243DDC000AAFEC6 /* SHB_MineOtherCell.m */ = {isa = PBXFileReference; lastKnownFileType = sourcecode.c.objc; path = SHB_MineOtherCell.m; sourceTree = "<group>"; };
		1142BFAE2243DDC000AAFEC6 /* SHB_MineOtherCell.xib */ = {isa = PBXFileReference; lastKnownFileType = file.xib; path = SHB_MineOtherCell.xib; sourceTree = "<group>"; };
		1142BFB12243DDD300AAFEC6 /* SHB_MineInfoCell.h */ = {isa = PBXFileReference; lastKnownFileType = sourcecode.c.h; path = SHB_MineInfoCell.h; sourceTree = "<group>"; };
		1142BFB22243DDD300AAFEC6 /* SHB_MineInfoCell.m */ = {isa = PBXFileReference; lastKnownFileType = sourcecode.c.objc; path = SHB_MineInfoCell.m; sourceTree = "<group>"; };
		1142BFB32243DDD300AAFEC6 /* SHB_MineInfoCell.xib */ = {isa = PBXFileReference; lastKnownFileType = file.xib; path = SHB_MineInfoCell.xib; sourceTree = "<group>"; };
		115EE76B223FA3BE000FC84A /* DONG_DataBaseManager.h */ = {isa = PBXFileReference; fileEncoding = 4; lastKnownFileType = sourcecode.c.h; path = DONG_DataBaseManager.h; sourceTree = "<group>"; };
		115EE76C223FA3BE000FC84A /* DONG_DataBaseManager.m */ = {isa = PBXFileReference; fileEncoding = 4; lastKnownFileType = sourcecode.c.objc; path = DONG_DataBaseManager.m; sourceTree = "<group>"; };
		115EE76F223FA404000FC84A /* SHB_GoodsModel.h */ = {isa = PBXFileReference; lastKnownFileType = sourcecode.c.h; path = SHB_GoodsModel.h; sourceTree = "<group>"; };
		115EE770223FA404000FC84A /* SHB_GoodsModel.m */ = {isa = PBXFileReference; lastKnownFileType = sourcecode.c.objc; path = SHB_GoodsModel.m; sourceTree = "<group>"; };
		115EE772223FA4CE000FC84A /* SHB_UserModel.h */ = {isa = PBXFileReference; lastKnownFileType = sourcecode.c.h; path = SHB_UserModel.h; sourceTree = "<group>"; };
		115EE773223FA4CE000FC84A /* SHB_UserModel.m */ = {isa = PBXFileReference; lastKnownFileType = sourcecode.c.objc; path = SHB_UserModel.m; sourceTree = "<group>"; };
		118282B0223FD5A1007B974B /* SHB_LonginVC.h */ = {isa = PBXFileReference; lastKnownFileType = sourcecode.c.h; path = SHB_LonginVC.h; sourceTree = "<group>"; };
		118282B1223FD5A1007B974B /* SHB_LonginVC.m */ = {isa = PBXFileReference; lastKnownFileType = sourcecode.c.objc; path = SHB_LonginVC.m; sourceTree = "<group>"; };
		118282B6223FE83F007B974B /* SHB_RegisterVC.h */ = {isa = PBXFileReference; lastKnownFileType = sourcecode.c.h; path = SHB_RegisterVC.h; sourceTree = "<group>"; };
		118282B7223FE83F007B974B /* SHB_RegisterVC.m */ = {isa = PBXFileReference; lastKnownFileType = sourcecode.c.objc; path = SHB_RegisterVC.m; sourceTree = "<group>"; };
		118282BE223FF81D007B974B /* SHB_MyGoodsVC.h */ = {isa = PBXFileReference; lastKnownFileType = sourcecode.c.h; path = SHB_MyGoodsVC.h; sourceTree = "<group>"; };
		118282BF223FF81D007B974B /* SHB_MyGoodsVC.m */ = {isa = PBXFileReference; lastKnownFileType = sourcecode.c.objc; path = SHB_MyGoodsVC.m; sourceTree = "<group>"; };
		118282C1223FF835007B974B /* SHB_MineVC.h */ = {isa = PBXFileReference; lastKnownFileType = sourcecode.c.h; path = SHB_MineVC.h; sourceTree = "<group>"; };
		118282C2223FF835007B974B /* SHB_MineVC.m */ = {isa = PBXFileReference; lastKnownFileType = sourcecode.c.objc; path = SHB_MineVC.m; sourceTree = "<group>"; };
		118282C4223FF866007B974B /* SHB_HomePageVC.h */ = {isa = PBXFileReference; lastKnownFileType = sourcecode.c.h; path = SHB_HomePageVC.h; sourceTree = "<group>"; };
		118282C5223FF866007B974B /* SHB_HomePageVC.m */ = {isa = PBXFileReference; lastKnownFileType = sourcecode.c.objc; path = SHB_HomePageVC.m; sourceTree = "<group>"; };
		118282CA223FF8BB007B974B /* SHB_TabbarConfig.h */ = {isa = PBXFileReference; lastKnownFileType = sourcecode.c.h; path = SHB_TabbarConfig.h; sourceTree = "<group>"; };
		118282CB223FF8BB007B974B /* SHB_TabbarConfig.m */ = {isa = PBXFileReference; lastKnownFileType = sourcecode.c.objc; path = SHB_TabbarConfig.m; sourceTree = "<group>"; };
		11AC428822492C1900A840BB /* UIImage+IMB.m */ = {isa = PBXFileReference; fileEncoding = 4; lastKnownFileType = sourcecode.c.objc; path = "UIImage+IMB.m"; sourceTree = "<group>"; };
		11AC428922492C1900A840BB /* UIImage+IMB.h */ = {isa = PBXFileReference; fileEncoding = 4; lastKnownFileType = sourcecode.c.h; path = "UIImage+IMB.h"; sourceTree = "<group>"; };
		11D7300122413C97002475A7 /* SHB_HomePageCell.h */ = {isa = PBXFileReference; lastKnownFileType = sourcecode.c.h; path = SHB_HomePageCell.h; sourceTree = "<group>"; };
		11D7300222413C97002475A7 /* SHB_HomePageCell.m */ = {isa = PBXFileReference; lastKnownFileType = sourcecode.c.objc; path = SHB_HomePageCell.m; sourceTree = "<group>"; };
		11D7300322413C97002475A7 /* SHB_HomePageCell.xib */ = {isa = PBXFileReference; lastKnownFileType = file.xib; path = SHB_HomePageCell.xib; sourceTree = "<group>"; };
		11D7300A2241439B002475A7 /* SHB_BookDetailInfoVC.h */ = {isa = PBXFileReference; lastKnownFileType = sourcecode.c.h; path = SHB_BookDetailInfoVC.h; sourceTree = "<group>"; };
		11D7300B2241439B002475A7 /* SHB_BookDetailInfoVC.m */ = {isa = PBXFileReference; lastKnownFileType = sourcecode.c.objc; path = SHB_BookDetailInfoVC.m; sourceTree = "<group>"; };
		11D7300E2241459E002475A7 /* SHB_MyGoodsCell.h */ = {isa = PBXFileReference; lastKnownFileType = sourcecode.c.h; path = SHB_MyGoodsCell.h; sourceTree = "<group>"; };
		11D7300F2241459E002475A7 /* SHB_MyGoodsCell.m */ = {isa = PBXFileReference; lastKnownFileType = sourcecode.c.objc; path = SHB_MyGoodsCell.m; sourceTree = "<group>"; };
		11D730102241459E002475A7 /* SHB_MyGoodsCell.xib */ = {isa = PBXFileReference; lastKnownFileType = file.xib; path = SHB_MyGoodsCell.xib; sourceTree = "<group>"; };
		11D7B6502240B83800B1AA19 /* NSDate+Addition.m */ = {isa = PBXFileReference; fileEncoding = 4; lastKnownFileType = sourcecode.c.objc; path = "NSDate+Addition.m"; sourceTree = "<group>"; };
		11D7B6512240B83800B1AA19 /* NSDate+Addition.h */ = {isa = PBXFileReference; fileEncoding = 4; lastKnownFileType = sourcecode.c.h; path = "NSDate+Addition.h"; sourceTree = "<group>"; };
		11DB9575223E893E000CB7AE /* Second-hand books.app */ = {isa = PBXFileReference; explicitFileType = wrapper.application; includeInIndex = 0; path = "Second-hand books.app"; sourceTree = BUILT_PRODUCTS_DIR; };
		11DB9578223E893E000CB7AE /* AppDelegate.h */ = {isa = PBXFileReference; lastKnownFileType = sourcecode.c.h; path = AppDelegate.h; sourceTree = "<group>"; };
		11DB9579223E893E000CB7AE /* AppDelegate.m */ = {isa = PBXFileReference; lastKnownFileType = sourcecode.c.objc; path = AppDelegate.m; sourceTree = "<group>"; };
		11DB957F223E893E000CB7AE /* Base */ = {isa = PBXFileReference; lastKnownFileType = file.storyboard; name = Base; path = Base.lproj/Main.storyboard; sourceTree = "<group>"; };
		11DB9581223E893F000CB7AE /* Assets.xcassets */ = {isa = PBXFileReference; lastKnownFileType = folder.assetcatalog; path = Assets.xcassets; sourceTree = "<group>"; };
		11DB9586223E893F000CB7AE /* Info.plist */ = {isa = PBXFileReference; lastKnownFileType = text.plist.xml; path = Info.plist; sourceTree = "<group>"; };
		11DB9587223E893F000CB7AE /* main.m */ = {isa = PBXFileReference; lastKnownFileType = sourcecode.c.objc; path = main.m; sourceTree = "<group>"; };
		11E4DA23224093F000B21FA9 /* SHB_DiscoveryVC.h */ = {isa = PBXFileReference; fileEncoding = 4; lastKnownFileType = sourcecode.c.h; path = SHB_DiscoveryVC.h; sourceTree = "<group>"; };
		11E4DA24224093F000B21FA9 /* SHB_DiscoveryVC.m */ = {isa = PBXFileReference; fileEncoding = 4; lastKnownFileType = sourcecode.c.objc; path = SHB_DiscoveryVC.m; sourceTree = "<group>"; };
		11E4DA292240945200B21FA9 /* UIViewController+Addition.m */ = {isa = PBXFileReference; fileEncoding = 4; lastKnownFileType = sourcecode.c.objc; path = "UIViewController+Addition.m"; sourceTree = "<group>"; };
		11E4DA2A2240945200B21FA9 /* UIViewController+Addition.h */ = {isa = PBXFileReference; fileEncoding = 4; lastKnownFileType = sourcecode.c.h; path = "UIViewController+Addition.h"; sourceTree = "<group>"; };
		89F81D6991A0127141F27430 /* Pods_Second_hand_books.framework */ = {isa = PBXFileReference; explicitFileType = wrapper.framework; includeInIndex = 0; path = Pods_Second_hand_books.framework; sourceTree = BUILT_PRODUCTS_DIR; };
		D5EE0169AD5B04159447F296 /* Pods-Second-hand books.release.xcconfig */ = {isa = PBXFileReference; includeInIndex = 1; lastKnownFileType = text.xcconfig; name = "Pods-Second-hand books.release.xcconfig"; path = "Pods/Target Support Files/Pods-Second-hand books/Pods-Second-hand books.release.xcconfig"; sourceTree = "<group>"; };
		DB1DF2145E7D541DBD042392 /* Pods-Second-hand books.debug.xcconfig */ = {isa = PBXFileReference; includeInIndex = 1; lastKnownFileType = text.xcconfig; name = "Pods-Second-hand books.debug.xcconfig"; path = "Pods/Target Support Files/Pods-Second-hand books/Pods-Second-hand books.debug.xcconfig"; sourceTree = "<group>"; };
/* End PBXFileReference section */

/* Begin PBXFrameworksBuildPhase section */
		11DB9572223E893D000CB7AE /* Frameworks */ = {
			isa = PBXFrameworksBuildPhase;
			buildActionMask = 2147483647;
			files = (
				3A09A01942BB4F991059D466 /* Pods_Second_hand_books.framework in Frameworks */,
			);
			runOnlyForDeploymentPostprocessing = 0;
		};
/* End PBXFrameworksBuildPhase section */

/* Begin PBXGroup section */
		110861B5224533AD002ED5A9 /* About */ = {
			isa = PBXGroup;
			children = (
				1130754E22467FDA005DEA3E /* SHB_AboutVC.h */,
				1130754F22467FDA005DEA3E /* SHB_AboutVC.m */,
			);
			path = About;
			sourceTree = "<group>";
		};
		110861B622453415002ED5A9 /* MineInfo */ = {
			isa = PBXGroup;
			children = (
				110861B722453479002ED5A9 /* SHB_MineInfoVC.h */,
				110861B822453479002ED5A9 /* SHB_MineInfoVC.m */,
				110861BA2245360C002ED5A9 /* View */,
			);
			path = MineInfo;
			sourceTree = "<group>";
		};
		110861BA2245360C002ED5A9 /* View */ = {
			isa = PBXGroup;
			children = (
				110861C522453693002ED5A9 /* SHB_MineInfoSection0Cell.h */,
				110861C622453693002ED5A9 /* SHB_MineInfoSection0Cell.m */,
				110861C722453693002ED5A9 /* SHB_MineInfoSection0Cell.xib */,
				110861BB2245366F002ED5A9 /* SHB_MineInfoSection1Cell.h */,
				110861BC2245366F002ED5A9 /* SHB_MineInfoSection1Cell.m */,
				110861BD2245366F002ED5A9 /* SHB_MineInfoSection1Cell.xib */,
				110861C022453682002ED5A9 /* SHB_MineInfoSection2Cell.h */,
				110861C122453682002ED5A9 /* SHB_MineInfoSection2Cell.m */,
				110861C222453682002ED5A9 /* SHB_MineInfoSection2Cell.xib */,
			);
			path = View;
			sourceTree = "<group>";
		};
		112709FD223E8E22001E4A64 /* Class */ = {
			isa = PBXGroup;
			children = (
				11270A40223E9DC1001E4A64 /* Base */,
				11270A4C223EA6E2001E4A64 /* Tabbar */,
				118282AF223FD55E007B974B /* Login */,
				11270A4B223EA6DF001E4A64 /* Home */,
				11270A49223EA6D9001E4A64 /* MyGoods */,
				11E4DA22224093F000B21FA9 /* Discovery */,
				11270A4A223EA6DC001E4A64 /* Mine */,
			);
			path = Class;
			sourceTree = "<group>";
		};
		112709FE223E8E43001E4A64 /* Helper */ = {
			isa = PBXGroup;
			children = (
				115EE76A223FA286000FC84A /* DataBaseHelper */,
				11270A10223E91BC001E4A64 /* UserInfoManager */,
			);
			path = Helper;
			sourceTree = "<group>";
		};
		112709FF223E8E47001E4A64 /* Utility */ = {
			isa = PBXGroup;
			children = (
				11AC428922492C1900A840BB /* UIImage+IMB.h */,
				11AC428822492C1900A840BB /* UIImage+IMB.m */,
				11D7B6512240B83800B1AA19 /* NSDate+Addition.h */,
				11D7B6502240B83800B1AA19 /* NSDate+Addition.m */,
				11270A04223E908B001E4A64 /* UIColor+Addition.h */,
				11270A05223E908B001E4A64 /* UIColor+Addition.m */,
				11270A1C223E983F001E4A64 /* UIImage+GIFImage.h */,
				11270A1D223E983F001E4A64 /* UIImage+GIFImage.m */,
				11270A07223E90B1001E4A64 /* FileManageCommon.h */,
				11270A08223E90B1001E4A64 /* FileManageCommon.m */,
				11270A0A223E90CB001E4A64 /* DONG_AlertShowTool.h */,
				11270A0B223E90CB001E4A64 /* DONG_AlertShowTool.m */,
				11270A0D223E910A001E4A64 /* UIWindow+Addition.h */,
				11270A0E223E910A001E4A64 /* UIWindow+Addition.m */,
				11E4DA2A2240945200B21FA9 /* UIViewController+Addition.h */,
				11E4DA292240945200B21FA9 /* UIViewController+Addition.m */,
				11270A29223E9861001E4A64 /* NSArray+Log.h */,
				11270A25223E9861001E4A64 /* NSArray+Log.m */,
				11270A24223E9860001E4A64 /* NSData+Addition.h */,
				11270A27223E9861001E4A64 /* NSData+Addition.m */,
				11270A26223E9861001E4A64 /* NSDictionary+Addition.h */,
				11270A1F223E9860001E4A64 /* NSDictionary+Addition.m */,
				11270A28223E9861001E4A64 /* NSDictionary+Log.h */,
				11270A20223E9860001E4A64 /* NSDictionary+Log.m */,
				11270A22223E9860001E4A64 /* NSString+Dong.h */,
				11270A23223E9860001E4A64 /* NSString+Dong.m */,
				111979A02249D63E006B1F0A /* UIImage+Compress.h */,
				111979A12249D63E006B1F0A /* UIImage+Compress.m */,
			);
			path = Utility;
			sourceTree = "<group>";
		};
		11270A00223E8E4A001E4A64 /* Macro */ = {
			isa = PBXGroup;
			children = (
				11270A03223E8EF9001E4A64 /* SHB_Marco.h */,
			);
			path = Macro;
			sourceTree = "<group>";
		};
		11270A01223E8E59001E4A64 /* New Group3 */ = {
			isa = PBXGroup;
			children = (
			);
			path = "New Group3";
			sourceTree = "<group>";
		};
		11270A10223E91BC001E4A64 /* UserInfoManager */ = {
			isa = PBXGroup;
			children = (
				11270A14223E91F1001E4A64 /* SHB_UserInfoManager.h */,
				11270A15223E91F1001E4A64 /* SHB_UserInfoManager.m */,
			);
			path = UserInfoManager;
			sourceTree = "<group>";
		};
		11270A18223E976C001E4A64 /* Core */ = {
			isa = PBXGroup;
			children = (
				11270A19223E979C001E4A64 /* SHB_CoreToolCenter.h */,
				11270A1A223E979C001E4A64 /* SHB_CoreToolCenter.m */,
			);
			path = Core;
			sourceTree = "<group>";
		};
		11270A31223E98B4001E4A64 /* Vender */ = {
			isa = PBXGroup;
			children = (
				11270A32223E98C2001E4A64 /* Des */,
			);
			path = Vender;
			sourceTree = "<group>";
		};
		11270A32223E98C2001E4A64 /* Des */ = {
			isa = PBXGroup;
			children = (
				11270A36223E98DD001E4A64 /* DesEncrypt.h */,
				11270A35223E98DD001E4A64 /* DesEncrypt.m */,
				11270A33223E98DD001E4A64 /* GTMBase64.h */,
				11270A34223E98DD001E4A64 /* GTMBase64.m */,
				11270A37223E98DD001E4A64 /* GTMDefines.h */,
			);
			path = Des;
			sourceTree = "<group>";
		};
		11270A40223E9DC1001E4A64 /* Base */ = {
			isa = PBXGroup;
			children = (
				11270A41223E9DE5001E4A64 /* SHB_BaseNavigationController.h */,
				11270A42223E9DE5001E4A64 /* SHB_BaseNavigationController.m */,
			);
			path = Base;
			sourceTree = "<group>";
		};
		11270A44223EA1EF001E4A64 /* Storyboard */ = {
			isa = PBXGroup;
			children = (
				11DB957E223E893E000CB7AE /* Main.storyboard */,
			);
			path = Storyboard;
			sourceTree = "<group>";
		};
		11270A49223EA6D9001E4A64 /* MyGoods */ = {
			isa = PBXGroup;
			children = (
				115EE76E223FA3D6000FC84A /* Model */,
				118282BE223FF81D007B974B /* SHB_MyGoodsVC.h */,
				118282BF223FF81D007B974B /* SHB_MyGoodsVC.m */,
				11D7300D2241456D002475A7 /* Cell */,
			);
			path = MyGoods;
			sourceTree = "<group>";
		};
		11270A4A223EA6DC001E4A64 /* Mine */ = {
			isa = PBXGroup;
			children = (
				118282C1223FF835007B974B /* SHB_MineVC.h */,
				118282C2223FF835007B974B /* SHB_MineVC.m */,
				1142BFA82243DD6A00AAFEC6 /* View */,
				110861B622453415002ED5A9 /* MineInfo */,
				110861B5224533AD002ED5A9 /* About */,
			);
			path = Mine;
			sourceTree = "<group>";
		};
		11270A4B223EA6DF001E4A64 /* Home */ = {
			isa = PBXGroup;
			children = (
				118282C4223FF866007B974B /* SHB_HomePageVC.h */,
				118282C5223FF866007B974B /* SHB_HomePageVC.m */,
				11D7300022413C59002475A7 /* Cell */,
				11D7300922414356002475A7 /* BookDetailInfo 图书详情页 */,
			);
			path = Home;
			sourceTree = "<group>";
		};
		11270A4C223EA6E2001E4A64 /* Tabbar */ = {
			isa = PBXGroup;
			children = (
				118282CA223FF8BB007B974B /* SHB_TabbarConfig.h */,
				118282CB223FF8BB007B974B /* SHB_TabbarConfig.m */,
			);
			path = Tabbar;
			sourceTree = "<group>";
		};
		1142BFA82243DD6A00AAFEC6 /* View */ = {
			isa = PBXGroup;
			children = (
				1142BFB12243DDD300AAFEC6 /* SHB_MineInfoCell.h */,
				1142BFB22243DDD300AAFEC6 /* SHB_MineInfoCell.m */,
				1142BFB32243DDD300AAFEC6 /* SHB_MineInfoCell.xib */,
				1142BFAC2243DDC000AAFEC6 /* SHB_MineOtherCell.h */,
				1142BFAD2243DDC000AAFEC6 /* SHB_MineOtherCell.m */,
				1142BFAE2243DDC000AAFEC6 /* SHB_MineOtherCell.xib */,
			);
			path = View;
			sourceTree = "<group>";
		};
		115EE76A223FA286000FC84A /* DataBaseHelper */ = {
			isa = PBXGroup;
			children = (
				115EE76B223FA3BE000FC84A /* DONG_DataBaseManager.h */,
				115EE76C223FA3BE000FC84A /* DONG_DataBaseManager.m */,
			);
			path = DataBaseHelper;
			sourceTree = "<group>";
		};
		115EE76E223FA3D6000FC84A /* Model */ = {
			isa = PBXGroup;
			children = (
				115EE76F223FA404000FC84A /* SHB_GoodsModel.h */,
				115EE770223FA404000FC84A /* SHB_GoodsModel.m */,
				115EE772223FA4CE000FC84A /* SHB_UserModel.h */,
				115EE773223FA4CE000FC84A /* SHB_UserModel.m */,
			);
			path = Model;
			sourceTree = "<group>";
		};
		118282AF223FD55E007B974B /* Login */ = {
			isa = PBXGroup;
			children = (
				118282B0223FD5A1007B974B /* SHB_LonginVC.h */,
				118282B1223FD5A1007B974B /* SHB_LonginVC.m */,
				118282B6223FE83F007B974B /* SHB_RegisterVC.h */,
				118282B7223FE83F007B974B /* SHB_RegisterVC.m */,
			);
			name = Login;
			path = Base/Login;
			sourceTree = "<group>";
		};
		11D7300022413C59002475A7 /* Cell */ = {
			isa = PBXGroup;
			children = (
				11D7300122413C97002475A7 /* SHB_HomePageCell.h */,
				11D7300222413C97002475A7 /* SHB_HomePageCell.m */,
				11D7300322413C97002475A7 /* SHB_HomePageCell.xib */,
			);
			path = Cell;
			sourceTree = "<group>";
		};
		11D7300922414356002475A7 /* BookDetailInfo 图书详情页 */ = {
			isa = PBXGroup;
			children = (
				11D7300A2241439B002475A7 /* SHB_BookDetailInfoVC.h */,
				11D7300B2241439B002475A7 /* SHB_BookDetailInfoVC.m */,
			);
			path = "BookDetailInfo 图书详情页";
			sourceTree = "<group>";
		};
		11D7300D2241456D002475A7 /* Cell */ = {
			isa = PBXGroup;
			children = (
				11D7300E2241459E002475A7 /* SHB_MyGoodsCell.h */,
				11D7300F2241459E002475A7 /* SHB_MyGoodsCell.m */,
				11D730102241459E002475A7 /* SHB_MyGoodsCell.xib */,
			);
			path = Cell;
			sourceTree = "<group>";
		};
		11DB956C223E893D000CB7AE = {
			isa = PBXGroup;
			children = (
				11DB9577223E893E000CB7AE /* Second-hand books */,
				11DB9576223E893E000CB7AE /* Products */,
				6FD49C73A6988251ABCCD5D3 /* Pods */,
				F4EB82A4088D811A495C445D /* Frameworks */,
			);
			sourceTree = "<group>";
		};
		11DB9576223E893E000CB7AE /* Products */ = {
			isa = PBXGroup;
			children = (
				11DB9575223E893E000CB7AE /* Second-hand books.app */,
			);
			name = Products;
			sourceTree = "<group>";
		};
		11DB9577223E893E000CB7AE /* Second-hand books */ = {
			isa = PBXGroup;
			children = (
				11DB9578223E893E000CB7AE /* AppDelegate.h */,
				11DB9579223E893E000CB7AE /* AppDelegate.m */,
				11270A44223EA1EF001E4A64 /* Storyboard */,
				11270A18223E976C001E4A64 /* Core */,
				112709FD223E8E22001E4A64 /* Class */,
				112709FF223E8E47001E4A64 /* Utility */,
				112709FE223E8E43001E4A64 /* Helper */,
				11270A31223E98B4001E4A64 /* Vender */,
				11270A00223E8E4A001E4A64 /* Macro */,
				11270A01223E8E59001E4A64 /* New Group3 */,
				11DB9581223E893F000CB7AE /* Assets.xcassets */,
				11DB9586223E893F000CB7AE /* Info.plist */,
				11DB9587223E893F000CB7AE /* main.m */,
				11270A02223E8EA6001E4A64 /* PrefixHeader.pch */,
			);
			path = "Second-hand books";
			sourceTree = "<group>";
		};
		11E4DA22224093F000B21FA9 /* Discovery */ = {
			isa = PBXGroup;
			children = (
				11E4DA23224093F000B21FA9 /* SHB_DiscoveryVC.h */,
				11E4DA24224093F000B21FA9 /* SHB_DiscoveryVC.m */,
			);
			path = Discovery;
			sourceTree = "<group>";
		};
		6FD49C73A6988251ABCCD5D3 /* Pods */ = {
			isa = PBXGroup;
			children = (
				DB1DF2145E7D541DBD042392 /* Pods-Second-hand books.debug.xcconfig */,
				D5EE0169AD5B04159447F296 /* Pods-Second-hand books.release.xcconfig */,
			);
			name = Pods;
			sourceTree = "<group>";
		};
		F4EB82A4088D811A495C445D /* Frameworks */ = {
			isa = PBXGroup;
			children = (
				89F81D6991A0127141F27430 /* Pods_Second_hand_books.framework */,
			);
			name = Frameworks;
			sourceTree = "<group>";
		};
/* End PBXGroup section */

/* Begin PBXNativeTarget section */
		11DB9574223E893D000CB7AE /* Second-hand books */ = {
			isa = PBXNativeTarget;
			buildConfigurationList = 11DB958B223E893F000CB7AE /* Build configuration list for PBXNativeTarget "Second-hand books" */;
			buildPhases = (
				AA4BA0B36CF76603ED5CED66 /* [CP] Check Pods Manifest.lock */,
				11DB9571223E893D000CB7AE /* Sources */,
				11DB9572223E893D000CB7AE /* Frameworks */,
				11DB9573223E893D000CB7AE /* Resources */,
				42F19FA7F277179AB342A402 /* [CP] Embed Pods Frameworks */,
			);
			buildRules = (
			);
			dependencies = (
			);
			name = "Second-hand books";
			productName = "Second-hand books";
			productReference = 11DB9575223E893E000CB7AE /* Second-hand books.app */;
			productType = "com.apple.product-type.application";
		};
/* End PBXNativeTarget section */

/* Begin PBXProject section */
		11DB956D223E893D000CB7AE /* Project object */ = {
			isa = PBXProject;
			attributes = {
				LastUpgradeCheck = 1010;
				ORGANIZATIONNAME = Yufei_Li;
				TargetAttributes = {
					11DB9574223E893D000CB7AE = {
						CreatedOnToolsVersion = 10.1;
					};
				};
			};
			buildConfigurationList = 11DB9570223E893D000CB7AE /* Build configuration list for PBXProject "Second-hand books" */;
			compatibilityVersion = "Xcode 9.3";
			developmentRegion = en;
			hasScannedForEncodings = 0;
			knownRegions = (
				en,
				Base,
			);
			mainGroup = 11DB956C223E893D000CB7AE;
			productRefGroup = 11DB9576223E893E000CB7AE /* Products */;
			projectDirPath = "";
			projectRoot = "";
			targets = (
				11DB9574223E893D000CB7AE /* Second-hand books */,
			);
		};
/* End PBXProject section */

/* Begin PBXResourcesBuildPhase section */
		11DB9573223E893D000CB7AE /* Resources */ = {
			isa = PBXResourcesBuildPhase;
			buildActionMask = 2147483647;
			files = (
				11DB9582223E893F000CB7AE /* Assets.xcassets in Resources */,
				11D7300522413C97002475A7 /* SHB_HomePageCell.xib in Resources */,
				1142BFB52243DDD300AAFEC6 /* SHB_MineInfoCell.xib in Resources */,
				110861C922453693002ED5A9 /* SHB_MineInfoSection0Cell.xib in Resources */,
				11D730122241459E002475A7 /* SHB_MyGoodsCell.xib in Resources */,
				110861BF2245366F002ED5A9 /* SHB_MineInfoSection1Cell.xib in Resources */,
				110861C422453682002ED5A9 /* SHB_MineInfoSection2Cell.xib in Resources */,
				1142BFB02243DDC000AAFEC6 /* SHB_MineOtherCell.xib in Resources */,
				11DB9580223E893E000CB7AE /* Main.storyboard in Resources */,
			);
			runOnlyForDeploymentPostprocessing = 0;
		};
/* End PBXResourcesBuildPhase section */

/* Begin PBXShellScriptBuildPhase section */
		42F19FA7F277179AB342A402 /* [CP] Embed Pods Frameworks */ = {
			isa = PBXShellScriptBuildPhase;
			buildActionMask = 2147483647;
			files = (
			);
			inputPaths = (
				"${SRCROOT}/Pods/Target Support Files/Pods-Second-hand books/Pods-Second-hand books-frameworks.sh",
				"${BUILT_PRODUCTS_DIR}/AFNetworking/AFNetworking.framework",
				"${BUILT_PRODUCTS_DIR}/CYLTabBarController/CYLTabBarController.framework",
				"${BUILT_PRODUCTS_DIR}/FMDB/FMDB.framework",
				"${BUILT_PRODUCTS_DIR}/IQKeyboardManager/IQKeyboardManager.framework",
				"${BUILT_PRODUCTS_DIR}/MJExtension/MJExtension.framework",
				"${BUILT_PRODUCTS_DIR}/MJRefresh/MJRefresh.framework",
				"${BUILT_PRODUCTS_DIR}/MMDrawerController/MMDrawerController.framework",
				"${BUILT_PRODUCTS_DIR}/Masonry/Masonry.framework",
				"${BUILT_PRODUCTS_DIR}/ReactiveObjC/ReactiveObjC.framework",
				"${BUILT_PRODUCTS_DIR}/SDWebImage/SDWebImage.framework",
				"${BUILT_PRODUCTS_DIR}/SVProgressHUD/SVProgressHUD.framework",
				"${BUILT_PRODUCTS_DIR}/TOCropViewController/TOCropViewController.framework",
			);
			name = "[CP] Embed Pods Frameworks";
			outputPaths = (
				"${TARGET_BUILD_DIR}/${FRAMEWORKS_FOLDER_PATH}/AFNetworking.framework",
				"${TARGET_BUILD_DIR}/${FRAMEWORKS_FOLDER_PATH}/CYLTabBarController.framework",
				"${TARGET_BUILD_DIR}/${FRAMEWORKS_FOLDER_PATH}/FMDB.framework",
				"${TARGET_BUILD_DIR}/${FRAMEWORKS_FOLDER_PATH}/IQKeyboardManager.framework",
				"${TARGET_BUILD_DIR}/${FRAMEWORKS_FOLDER_PATH}/MJExtension.framework",
				"${TARGET_BUILD_DIR}/${FRAMEWORKS_FOLDER_PATH}/MJRefresh.framework",
				"${TARGET_BUILD_DIR}/${FRAMEWORKS_FOLDER_PATH}/MMDrawerController.framework",
				"${TARGET_BUILD_DIR}/${FRAMEWORKS_FOLDER_PATH}/Masonry.framework",
				"${TARGET_BUILD_DIR}/${FRAMEWORKS_FOLDER_PATH}/ReactiveObjC.framework",
				"${TARGET_BUILD_DIR}/${FRAMEWORKS_FOLDER_PATH}/SDWebImage.framework",
				"${TARGET_BUILD_DIR}/${FRAMEWORKS_FOLDER_PATH}/SVProgressHUD.framework",
				"${TARGET_BUILD_DIR}/${FRAMEWORKS_FOLDER_PATH}/TOCropViewController.framework",
			);
			runOnlyForDeploymentPostprocessing = 0;
			shellPath = /bin/sh;
			shellScript = "\"${SRCROOT}/Pods/Target Support Files/Pods-Second-hand books/Pods-Second-hand books-frameworks.sh\"\n";
			showEnvVarsInLog = 0;
		};
		AA4BA0B36CF76603ED5CED66 /* [CP] Check Pods Manifest.lock */ = {
			isa = PBXShellScriptBuildPhase;
			buildActionMask = 2147483647;
			files = (
			);
			inputPaths = (
				"${PODS_PODFILE_DIR_PATH}/Podfile.lock",
				"${PODS_ROOT}/Manifest.lock",
			);
			name = "[CP] Check Pods Manifest.lock";
			outputPaths = (
				"$(DERIVED_FILE_DIR)/Pods-Second-hand books-checkManifestLockResult.txt",
			);
			runOnlyForDeploymentPostprocessing = 0;
			shellPath = /bin/sh;
			shellScript = "diff \"${PODS_PODFILE_DIR_PATH}/Podfile.lock\" \"${PODS_ROOT}/Manifest.lock\" > /dev/null\nif [ $? != 0 ] ; then\n    # print error to STDERR\n    echo \"error: The sandbox is not in sync with the Podfile.lock. Run 'pod install' or update your CocoaPods installation.\" >&2\n    exit 1\nfi\n# This output is used by Xcode 'outputs' to avoid re-running this script phase.\necho \"SUCCESS\" > \"${SCRIPT_OUTPUT_FILE_0}\"\n";
			showEnvVarsInLog = 0;
		};
/* End PBXShellScriptBuildPhase section */

/* Begin PBXSourcesBuildPhase section */
		11DB9571223E893D000CB7AE /* Sources */ = {
			isa = PBXSourcesBuildPhase;
			buildActionMask = 2147483647;
			files = (
				11D7300C2241439B002475A7 /* SHB_BookDetailInfoVC.m in Sources */,
				11D7B6522240B83800B1AA19 /* NSDate+Addition.m in Sources */,
				115EE76D223FA3BE000FC84A /* DONG_DataBaseManager.m in Sources */,
				11270A2F223E9861001E4A64 /* NSArray+Log.m in Sources */,
				11270A2C223E9861001E4A64 /* NSDictionary+Log.m in Sources */,
				11E4DA25224093F100B21FA9 /* SHB_DiscoveryVC.m in Sources */,
				115EE774223FA4CE000FC84A /* SHB_UserModel.m in Sources */,
				118282C3223FF835007B974B /* SHB_MineVC.m in Sources */,
				118282C6223FF866007B974B /* SHB_HomePageVC.m in Sources */,
				11270A0C223E90CB001E4A64 /* DONG_AlertShowTool.m in Sources */,
				1142BFB42243DDD300AAFEC6 /* SHB_MineInfoCell.m in Sources */,
				11D730112241459E002475A7 /* SHB_MyGoodsCell.m in Sources */,
				11AC428A22492C1A00A840BB /* UIImage+IMB.m in Sources */,
				11270A06223E908B001E4A64 /* UIColor+Addition.m in Sources */,
				11DB9588223E893F000CB7AE /* main.m in Sources */,
				1142BFAF2243DDC000AAFEC6 /* SHB_MineOtherCell.m in Sources */,
				118282CC223FF8BB007B974B /* SHB_TabbarConfig.m in Sources */,
				11270A43223E9DE5001E4A64 /* SHB_BaseNavigationController.m in Sources */,
				11270A0F223E910A001E4A64 /* UIWindow+Addition.m in Sources */,
				11270A09223E90B1001E4A64 /* FileManageCommon.m in Sources */,
				11270A16223E91F1001E4A64 /* SHB_UserInfoManager.m in Sources */,
				11270A2B223E9861001E4A64 /* NSDictionary+Addition.m in Sources */,
				11DB957A223E893E000CB7AE /* AppDelegate.m in Sources */,
				1130755022467FDA005DEA3E /* SHB_AboutVC.m in Sources */,
				111979A22249D63E006B1F0A /* UIImage+Compress.m in Sources */,
				11270A39223E98DD001E4A64 /* DesEncrypt.m in Sources */,
				118282B8223FE83F007B974B /* SHB_RegisterVC.m in Sources */,
				115EE771223FA404000FC84A /* SHB_GoodsModel.m in Sources */,
				110861C822453693002ED5A9 /* SHB_MineInfoSection0Cell.m in Sources */,
				11270A1E223E983F001E4A64 /* UIImage+GIFImage.m in Sources */,
				11270A1B223E979C001E4A64 /* SHB_CoreToolCenter.m in Sources */,
				118282C0223FF81D007B974B /* SHB_MyGoodsVC.m in Sources */,
				110861BE2245366F002ED5A9 /* SHB_MineInfoSection1Cell.m in Sources */,
				110861C322453682002ED5A9 /* SHB_MineInfoSection2Cell.m in Sources */,
				11270A38223E98DD001E4A64 /* GTMBase64.m in Sources */,
				118282B2223FD5A1007B974B /* SHB_LonginVC.m in Sources */,
				110861B922453479002ED5A9 /* SHB_MineInfoVC.m in Sources */,
				11270A30223E9861001E4A64 /* NSData+Addition.m in Sources */,
				11D7300422413C97002475A7 /* SHB_HomePageCell.m in Sources */,
				11E4DA2B2240945200B21FA9 /* UIViewController+Addition.m in Sources */,
				11270A2E223E9861001E4A64 /* NSString+Dong.m in Sources */,
			);
			runOnlyForDeploymentPostprocessing = 0;
		};
/* End PBXSourcesBuildPhase section */

/* Begin PBXVariantGroup section */
		11DB957E223E893E000CB7AE /* Main.storyboard */ = {
			isa = PBXVariantGroup;
			children = (
				11DB957F223E893E000CB7AE /* Base */,
			);
			name = Main.storyboard;
			sourceTree = "<group>";
		};
/* End PBXVariantGroup section */

/* Begin XCBuildConfiguration section */
		11DB9589223E893F000CB7AE /* Debug */ = {
			isa = XCBuildConfiguration;
			buildSettings = {
				ALWAYS_SEARCH_USER_PATHS = NO;
				CLANG_ANALYZER_NONNULL = YES;
				CLANG_ANALYZER_NUMBER_OBJECT_CONVERSION = YES_AGGRESSIVE;
				CLANG_CXX_LANGUAGE_STANDARD = "gnu++14";
				CLANG_CXX_LIBRARY = "libc++";
				CLANG_ENABLE_MODULES = YES;
				CLANG_ENABLE_OBJC_ARC = YES;
				CLANG_ENABLE_OBJC_WEAK = YES;
				CLANG_WARN_BLOCK_CAPTURE_AUTORELEASING = YES;
				CLANG_WARN_BOOL_CONVERSION = YES;
				CLANG_WARN_COMMA = YES;
				CLANG_WARN_CONSTANT_CONVERSION = YES;
				CLANG_WARN_DEPRECATED_OBJC_IMPLEMENTATIONS = YES;
				CLANG_WARN_DIRECT_OBJC_ISA_USAGE = YES_ERROR;
				CLANG_WARN_DOCUMENTATION_COMMENTS = YES;
				CLANG_WARN_EMPTY_BODY = YES;
				CLANG_WARN_ENUM_CONVERSION = YES;
				CLANG_WARN_INFINITE_RECURSION = YES;
				CLANG_WARN_INT_CONVERSION = YES;
				CLANG_WARN_NON_LITERAL_NULL_CONVERSION = YES;
				CLANG_WARN_OBJC_IMPLICIT_RETAIN_SELF = YES;
				CLANG_WARN_OBJC_LITERAL_CONVERSION = YES;
				CLANG_WARN_OBJC_ROOT_CLASS = YES_ERROR;
				CLANG_WARN_RANGE_LOOP_ANALYSIS = YES;
				CLANG_WARN_STRICT_PROTOTYPES = YES;
				CLANG_WARN_SUSPICIOUS_MOVE = YES;
				CLANG_WARN_UNGUARDED_AVAILABILITY = YES_AGGRESSIVE;
				CLANG_WARN_UNREACHABLE_CODE = YES;
				CLANG_WARN__DUPLICATE_METHOD_MATCH = YES;
				CODE_SIGN_IDENTITY = "iPhone Developer";
				COPY_PHASE_STRIP = NO;
				DEBUG_INFORMATION_FORMAT = dwarf;
				ENABLE_STRICT_OBJC_MSGSEND = YES;
				ENABLE_TESTABILITY = YES;
				GCC_C_LANGUAGE_STANDARD = gnu11;
				GCC_DYNAMIC_NO_PIC = NO;
				GCC_NO_COMMON_BLOCKS = YES;
				GCC_OPTIMIZATION_LEVEL = 0;
				GCC_PREPROCESSOR_DEFINITIONS = (
					"DEBUG=1",
					"$(inherited)",
				);
				GCC_WARN_64_TO_32_BIT_CONVERSION = YES;
				GCC_WARN_ABOUT_RETURN_TYPE = YES_ERROR;
				GCC_WARN_UNDECLARED_SELECTOR = YES;
				GCC_WARN_UNINITIALIZED_AUTOS = YES_AGGRESSIVE;
				GCC_WARN_UNUSED_FUNCTION = YES;
				GCC_WARN_UNUSED_VARIABLE = YES;
				IPHONEOS_DEPLOYMENT_TARGET = 12.1;
				MTL_ENABLE_DEBUG_INFO = INCLUDE_SOURCE;
				MTL_FAST_MATH = YES;
				ONLY_ACTIVE_ARCH = YES;
				SDKROOT = iphoneos;
			};
			name = Debug;
		};
		11DB958A223E893F000CB7AE /* Release */ = {
			isa = XCBuildConfiguration;
			buildSettings = {
				ALWAYS_SEARCH_USER_PATHS = NO;
				CLANG_ANALYZER_NONNULL = YES;
				CLANG_ANALYZER_NUMBER_OBJECT_CONVERSION = YES_AGGRESSIVE;
				CLANG_CXX_LANGUAGE_STANDARD = "gnu++14";
				CLANG_CXX_LIBRARY = "libc++";
				CLANG_ENABLE_MODULES = YES;
				CLANG_ENABLE_OBJC_ARC = YES;
				CLANG_ENABLE_OBJC_WEAK = YES;
				CLANG_WARN_BLOCK_CAPTURE_AUTORELEASING = YES;
				CLANG_WARN_BOOL_CONVERSION = YES;
				CLANG_WARN_COMMA = YES;
				CLANG_WARN_CONSTANT_CONVERSION = YES;
				CLANG_WARN_DEPRECATED_OBJC_IMPLEMENTATIONS = YES;
				CLANG_WARN_DIRECT_OBJC_ISA_USAGE = YES_ERROR;
				CLANG_WARN_DOCUMENTATION_COMMENTS = YES;
				CLANG_WARN_EMPTY_BODY = YES;
				CLANG_WARN_ENUM_CONVERSION = YES;
				CLANG_WARN_INFINITE_RECURSION = YES;
				CLANG_WARN_INT_CONVERSION = YES;
				CLANG_WARN_NON_LITERAL_NULL_CONVERSION = YES;
				CLANG_WARN_OBJC_IMPLICIT_RETAIN_SELF = YES;
				CLANG_WARN_OBJC_LITERAL_CONVERSION = YES;
				CLANG_WARN_OBJC_ROOT_CLASS = YES_ERROR;
				CLANG_WARN_RANGE_LOOP_ANALYSIS = YES;
				CLANG_WARN_STRICT_PROTOTYPES = YES;
				CLANG_WARN_SUSPICIOUS_MOVE = YES;
				CLANG_WARN_UNGUARDED_AVAILABILITY = YES_AGGRESSIVE;
				CLANG_WARN_UNREACHABLE_CODE = YES;
				CLANG_WARN__DUPLICATE_METHOD_MATCH = YES;
				CODE_SIGN_IDENTITY = "iPhone Developer";
				COPY_PHASE_STRIP = NO;
				DEBUG_INFORMATION_FORMAT = "dwarf-with-dsym";
				ENABLE_NS_ASSERTIONS = NO;
				ENABLE_STRICT_OBJC_MSGSEND = YES;
				GCC_C_LANGUAGE_STANDARD = gnu11;
				GCC_NO_COMMON_BLOCKS = YES;
				GCC_WARN_64_TO_32_BIT_CONVERSION = YES;
				GCC_WARN_ABOUT_RETURN_TYPE = YES_ERROR;
				GCC_WARN_UNDECLARED_SELECTOR = YES;
				GCC_WARN_UNINITIALIZED_AUTOS = YES_AGGRESSIVE;
				GCC_WARN_UNUSED_FUNCTION = YES;
				GCC_WARN_UNUSED_VARIABLE = YES;
				IPHONEOS_DEPLOYMENT_TARGET = 12.1;
				MTL_ENABLE_DEBUG_INFO = NO;
				MTL_FAST_MATH = YES;
				SDKROOT = iphoneos;
				VALIDATE_PRODUCT = YES;
			};
			name = Release;
		};
		11DB958C223E893F000CB7AE /* Debug */ = {
			isa = XCBuildConfiguration;
			baseConfigurationReference = DB1DF2145E7D541DBD042392 /* Pods-Second-hand books.debug.xcconfig */;
			buildSettings = {
				ASSETCATALOG_COMPILER_APPICON_NAME = AppIcon;
				ASSETCATALOG_COMPILER_LAUNCHIMAGE_NAME = LaunchImage;
				CODE_SIGN_IDENTITY = "iPhone Developer";
				CODE_SIGN_STYLE = Automatic;
				DEVELOPMENT_TEAM = E4JVN9NT9D;
				GCC_PREFIX_HEADER = "$(SRCROOT)/Second-hand books/PrefixHeader.pch";
				INFOPLIST_FILE = "Second-hand books/Info.plist";
				IPHONEOS_DEPLOYMENT_TARGET = 10.0;
				LD_RUNPATH_SEARCH_PATHS = (
					"$(inherited)",
					"@executable_path/Frameworks",
				);
				PRODUCT_BUNDLE_IDENTIFIER = com.voole.HLJVideoAdHoc;
				PRODUCT_NAME = "$(TARGET_NAME)";
				PROVISIONING_PROFILE_SPECIFIER = "";
				TARGETED_DEVICE_FAMILY = "1,2";
			};
			name = Debug;
		};
		11DB958D223E893F000CB7AE /* Release */ = {
			isa = XCBuildConfiguration;
			baseConfigurationReference = D5EE0169AD5B04159447F296 /* Pods-Second-hand books.release.xcconfig */;
			buildSettings = {
				ASSETCATALOG_COMPILER_APPICON_NAME = AppIcon;
				ASSETCATALOG_COMPILER_LAUNCHIMAGE_NAME = LaunchImage;
				CODE_SIGN_IDENTITY = "iPhone Developer";
				CODE_SIGN_STYLE = Automatic;
				DEVELOPMENT_TEAM = E4JVN9NT9D;
				GCC_PREFIX_HEADER = "$(SRCROOT)/Second-hand books/PrefixHeader.pch";
				INFOPLIST_FILE = "Second-hand books/Info.plist";
				IPHONEOS_DEPLOYMENT_TARGET = 10.0;
				LD_RUNPATH_SEARCH_PATHS = (
					"$(inherited)",
					"@executable_path/Frameworks",
				);
				PRODUCT_BUNDLE_IDENTIFIER = com.voole.HLJVideoAdHoc;
				PRODUCT_NAME = "$(TARGET_NAME)";
				PROVISIONING_PROFILE_SPECIFIER = "";
				TARGETED_DEVICE_FAMILY = "1,2";
			};
			name = Release;
		};
/* End XCBuildConfiguration section */

/* Begin XCConfigurationList section */
		11DB9570223E893D000CB7AE /* Build configuration list for PBXProject "Second-hand books" */ = {
			isa = XCConfigurationList;
			buildConfigurations = (
				11DB9589223E893F000CB7AE /* Debug */,
				11DB958A223E893F000CB7AE /* Release */,
			);
			defaultConfigurationIsVisible = 0;
			defaultConfigurationName = Release;
		};
		11DB958B223E893F000CB7AE /* Build configuration list for PBXNativeTarget "Second-hand books" */ = {
			isa = XCConfigurationList;
			buildConfigurations = (
				11DB958C223E893F000CB7AE /* Debug */,
				11DB958D223E893F000CB7AE /* Release */,
			);
			defaultConfigurationIsVisible = 0;
			defaultConfigurationName = Release;
		};
/* End XCConfigurationList section */
	};
	rootObject = 11DB956D223E893D000CB7AE /* Project object */;
}
